
Microsoft Visual Studio Solution File, Format Version 12.00
# Visual Studio Version 17
VisualStudioVersion = 17.9.34728.123
MinimumVisualStudioVersion = 10.0.40219.1
Project("{9A19103F-16F7-4668-BE54-9A1E7A4F7556}") = "L01_DateTime", "CzechitasCsharp2\L01_DateTime.csproj", "{FAD16787-5E93-4320-BD7E-C5658081506C}"
EndProject
Project("{9A19103F-16F7-4668-BE54-9A1E7A4F7556}") = "L02_Exceptions", "L02_Exceptions\L02_Exceptions.csproj", "{0BF97060-50A9-4635-8F12-87BD8E7DCB81}"
EndProject
Project("{9A19103F-16F7-4668-BE54-9A1E7A4F7556}") = "L03_StringyBreakOutRoom1", "L03_StringyBreakOutRoom1\L03_StringyBreakOutRoom1.csproj", "{4F47425A-3090-4662-9CF6-ECD623E5CE23}"
EndProject
Project("{9A19103F-16F7-4668-BE54-9A1E7A4F7556}") = "L04_Collections", "L04_Collections\L04_Collections.csproj", "{CA225A70-4F62-4F41-AD87-F0DEEFB08A32}"
EndProject
Project("{9A19103F-16F7-4668-BE54-9A1E7A4F7556}") = "L04_Dictionary", "L04_Dictionary\L04_Dictionary.csproj", "{57E62C50-B767-4DB6-81F3-B53D4677D2F3}"
EndProject
Project("{FAE04EC0-301F-11D3-BF4B-00C04F79EFBC}") = "L06_OOP", "L06_OOP\L06_OOP.csproj", "{01B4BA52-9273-4FEB-85C9-26A6506BAB20}"
EndProject
Global
	GlobalSection(SolutionConfigurationPlatforms) = preSolution
		Debug|Any CPU = Debug|Any CPU
		Release|Any CPU = Release|Any CPU
	EndGlobalSection
	GlobalSection(ProjectConfigurationPlatforms) = postSolution
		{FAD16787-5E93-4320-BD7E-C5658081506C}.Debug|Any CPU.ActiveCfg = Debug|Any CPU
		{FAD16787-5E93-4320-BD7E-C5658081506C}.Debug|Any CPU.Build.0 = Debug|Any CPU
		{FAD16787-5E93-4320-BD7E-C5658081506C}.Release|Any CPU.ActiveCfg = Release|Any CPU
		{FAD16787-5E93-4320-BD7E-C5658081506C}.Release|Any CPU.Build.0 = Release|Any CPU
		{0BF97060-50A9-4635-8F12-87BD8E7DCB81}.Debug|Any CPU.ActiveCfg = Debug|Any CPU
		{0BF97060-50A9-4635-8F12-87BD8E7DCB81}.Debug|Any CPU.Build.0 = Debug|Any CPU
		{0BF97060-50A9-4635-8F12-87BD8E7DCB81}.Release|Any CPU.ActiveCfg = Release|Any CPU
		{0BF97060-50A9-4635-8F12-87BD8E7DCB81}.Release|Any CPU.Build.0 = Release|Any CPU
		{4F47425A-3090-4662-9CF6-ECD623E5CE23}.Debug|Any CPU.ActiveCfg = Debug|Any CPU
		{4F47425A-3090-4662-9CF6-ECD623E5CE23}.Debug|Any CPU.Build.0 = Debug|Any CPU
		{4F47425A-3090-4662-9CF6-ECD623E5CE23}.Release|Any CPU.ActiveCfg = Release|Any CPU
		{4F47425A-3090-4662-9CF6-ECD623E5CE23}.Release|Any CPU.Build.0 = Release|Any CPU
		{CA225A70-4F62-4F41-AD87-F0DEEFB08A32}.Debug|Any CPU.ActiveCfg = Debug|Any CPU
		{CA225A70-4F62-4F41-AD87-F0DEEFB08A32}.Debug|Any CPU.Build.0 = Debug|Any CPU
		{CA225A70-4F62-4F41-AD87-F0DEEFB08A32}.Release|Any CPU.ActiveCfg = Release|Any CPU
		{CA225A70-4F62-4F41-AD87-F0DEEFB08A32}.Release|Any CPU.Build.0 = Release|Any CPU
		{57E62C50-B767-4DB6-81F3-B53D4677D2F3}.Debug|Any CPU.ActiveCfg = Debug|Any CPU
		{57E62C50-B767-4DB6-81F3-B53D4677D2F3}.Debug|Any CPU.Build.0 = Debug|Any CPU
		{57E62C50-B767-4DB6-81F3-B53D4677D2F3}.Release|Any CPU.ActiveCfg = Release|Any CPU
		{57E62C50-B767-4DB6-81F3-B53D4677D2F3}.Release|Any CPU.Build.0 = Release|Any CPU
		{01B4BA52-9273-4FEB-85C9-26A6506BAB20}.Debug|Any CPU.ActiveCfg = Debug|Any CPU
		{01B4BA52-9273-4FEB-85C9-26A6506BAB20}.Debug|Any CPU.Build.0 = Debug|Any CPU
		{01B4BA52-9273-4FEB-85C9-26A6506BAB20}.Release|Any CPU.ActiveCfg = Release|Any CPU
		{01B4BA52-9273-4FEB-85C9-26A6506BAB20}.Release|Any CPU.Build.0 = Release|Any CPU
	EndGlobalSection
	GlobalSection(SolutionProperties) = preSolution
		HideSolutionNode = FALSE
	EndGlobalSection
	GlobalSection(ExtensibilityGlobals) = postSolution
		SolutionGuid = {C0155FD1-D1F2-4DFD-88A0-6C8CD2879E84}
	EndGlobalSection
EndGlobal
